version = 1
revision = 3
requires-python = ">=3.12"

[[package]]
name = "micro-users"
version = "0.1.0"
source = { editable = "." }
dependencies = [
    { name = "shared-utils" },
]

[package.metadata]
requires-dist = [{ name = "shared-utils", editable = "../shared-utils" }]

[[package]]
name = "shared-utils"
version = "0.1.0"
source = { editable = "../shared-utils" }
